
Microsoft Visual Studio Solution File, Format Version 12.00
Project("{FAE04EC0-301F-11D3-BF4B-00C04F79EFBC}") = "SignalRApp", "SignalRApp\SignalRApp.csproj", "{F2612CDE-B386-46AB-899D-A48593418CEE}"
EndProject
Global
	GlobalSection(SolutionConfigurationPlatforms) = preSolution
		Debug|Any CPU = Debug|Any CPU
		Release|Any CPU = Release|Any CPU
	EndGlobalSection
	GlobalSection(ProjectConfigurationPlatforms) = postSolution
		{F2612CDE-B386-46AB-899D-A48593418CEE}.Debug|Any CPU.ActiveCfg = Debug|Any CPU
		{F2612CDE-B386-46AB-899D-A48593418CEE}.Debug|Any CPU.Build.0 = Debug|Any CPU
		{F2612CDE-B386-46AB-899D-A48593418CEE}.Release|Any CPU.ActiveCfg = Release|Any CPU
		{F2612CDE-B386-46AB-899D-A48593418CEE}.Release|Any CPU.Build.0 = Release|Any CPU
	EndGlobalSection
EndGlobal
